// !$*UTF8*$!
{
	archiveVersion = 1;
	classes = {
	};
	objectVersion = 56;
	objects = {

/* Begin PBXBuildFile section */
		8433CB042BBB51E300849E88 /* TranslateMeApp.swift in Sources */ = {isa = PBXBuildFile; fileRef = 8433CB032BBB51E300849E88 /* TranslateMeApp.swift */; };
		8433CB062BBB51E300849E88 /* ContentView.swift in Sources */ = {isa = PBXBuildFile; fileRef = 8433CB052BBB51E300849E88 /* ContentView.swift */; };
		8433CB082BBB51E400849E88 /* Assets.xcassets in Resources */ = {isa = PBXBuildFile; fileRef = 8433CB072BBB51E400849E88 /* Assets.xcassets */; };
		8433CB0B2BBB51E400849E88 /* Preview Assets.xcassets in Resources */ = {isa = PBXBuildFile; fileRef = 8433CB0A2BBB51E400849E88 /* Preview Assets.xcassets */; };
		8433CB122BBB53DE00849E88 /* SavedTranslationView.swift in Sources */ = {isa = PBXBuildFile; fileRef = 8433CB112BBB53DE00849E88 /* SavedTranslationView.swift */; };
		84CE15C52BC0BDF50044BFE5 /* MyMemoryResponse.swift in Sources */ = {isa = PBXBuildFile; fileRef = 84CE15C42BC0BDF50044BFE5 /* MyMemoryResponse.swift */; };
		84CE15C72BC125FD0044BFE5 /* TranslationManager.swift in Sources */ = {isa = PBXBuildFile; fileRef = 84CE15C62BC125FD0044BFE5 /* TranslationManager.swift */; };
/* End PBXBuildFile section */

/* Begin PBXFileReference section */
		8433CB002BBB51E300849E88 /* TranslateMe.app */ = {isa = PBXFileReference; explicitFileType = wrapper.application; includeInIndex = 0; path = TranslateMe.app; sourceTree = BUILT_PRODUCTS_DIR; };
		8433CB032BBB51E300849E88 /* TranslateMeApp.swift */ = {isa = PBXFileReference; lastKnownFileType = sourcecode.swift; path = TranslateMeApp.swift; sourceTree = "<group>"; };
		8433CB052BBB51E300849E88 /* ContentView.swift */ = {isa = PBXFileReference; lastKnownFileType = sourcecode.swift; path = ContentView.swift; sourceTree = "<group>"; };
		8433CB072BBB51E400849E88 /* Assets.xcassets */ = {isa = PBXFileReference; lastKnownFileType = folder.assetcatalog; path = Assets.xcassets; sourceTree = "<group>"; };
		8433CB0A2BBB51E400849E88 /* Preview Assets.xcassets */ = {isa = PBXFileReference; lastKnownFileType = folder.assetcatalog; path = "Preview Assets.xcassets"; sourceTree = "<group>"; };
		8433CB112BBB53DE00849E88 /* SavedTranslationView.swift */ = {isa = PBXFileReference; lastKnownFileType = sourcecode.swift; path = SavedTranslationView.swift; sourceTree = "<group>"; };
		84CE15C42BC0BDF50044BFE5 /* MyMemoryResponse.swift */ = {isa = PBXFileReference; lastKnownFileType = sourcecode.swift; path = MyMemoryResponse.swift; sourceTree = "<group>"; };
		84CE15C62BC125FD0044BFE5 /* TranslationManager.swift */ = {isa = PBXFileReference; lastKnownFileType = sourcecode.swift; path = TranslationManager.swift; sourceTree = "<group>"; };
/* End PBXFileReference section */

/* Begin PBXFrameworksBuildPhase section */
		8433CAFD2BBB51E300849E88 /* Frameworks */ = {
			isa = PBXFrameworksBuildPhase;
			buildActionMask = 2147483647;
			files = (
			);
			runOnlyForDeploymentPostprocessing = 0;
		};
/* End PBXFrameworksBuildPhase section */

/* Begin PBXGroup section */
		8433CAF72BBB51E300849E88 = {
			isa = PBXGroup;
			children = (
				8433CB022BBB51E300849E88 /* TranslateMe */,
				8433CB012BBB51E300849E88 /* Products */,
			);
			sourceTree = "<group>";
		};
		8433CB012BBB51E300849E88 /* Products */ = {
			isa = PBXGroup;
			children = (
				8433CB002BBB51E300849E88 /* TranslateMe.app */,
			);
			name = Products;
			sourceTree = "<group>";
		};
		8433CB022BBB51E300849E88 /* TranslateMe */ = {
			isa = PBXGroup;
			children = (
				8433CB032BBB51E300849E88 /* TranslateMeApp.swift */,
				8433CB052BBB51E300849E88 /* ContentView.swift */,
				8433CB072BBB51E400849E88 /* Assets.xcassets */,
				8433CB092BBB51E400849E88 /* Preview Content */,
			);
			path = TranslateMe;
			sourceTree = "<group>";
		};
		8433CB092BBB51E400849E88 /* Preview Content */ = {
			isa = PBXGroup;
			children = (
				8433CB112BBB53DE00849E88 /* SavedTranslationView.swift */,
				8433CB0A2BBB51E400849E88 /* Preview Assets.xcassets */,
				84CE15C42BC0BDF50044BFE5 /* MyMemoryResponse.swift */,
				84CE15C62BC125FD0044BFE5 /* TranslationManager.swift */,
			);
			path = "Preview Content";
			sourceTree = "<group>";
		};
/* End PBXGroup section */

/* Begin PBXNativeTarget section */
		8433CAFF2BBB51E300849E88 /* TranslateMe */ = {
			isa = PBXNativeTarget;
			buildConfigurationList = 8433CB0E2BBB51E400849E88 /* Build configuration list for PBXNativeTarget "TranslateMe" */;
			buildPhases = (
				8433CAFC2BBB51E300849E88 /* Sources */,
				8433CAFD2BBB51E300849E88 /* Frameworks */,
				8433CAFE2BBB51E300849E88 /* Resources */,
			);
			buildRules = (
			);
			dependencies = (
			);
			name = TranslateMe;
			productName = TranslateMe;
			productReference = 8433CB002BBB51E300849E88 /* TranslateMe.app */;
			productType = "com.apple.product-type.application";
		};
/* End PBXNativeTarget section */

/* Begin PBXProject section */
		8433CAF82BBB51E300849E88 /* Project object */ = {
			isa = PBXProject;
			attributes = {
				BuildIndependentTargetsInParallel = 1;
				LastSwiftUpdateCheck = 1500;
				LastUpgradeCheck = 1500;
				TargetAttributes = {
					8433CAFF2BBB51E300849E88 = {
						CreatedOnToolsVersion = 15.0.1;
					};
				};
			};
			buildConfigurationList = 8433CAFB2BBB51E300849E88 /* Build configuration list for PBXProject "TranslateMe" */;
			compatibilityVersion = "Xcode 14.0";
			developmentRegion = en;
			hasScannedForEncodings = 0;
			knownRegions = (
				en,
				Base,
			);
			mainGroup = 8433CAF72BBB51E300849E88;
			productRefGroup = 8433CB012BBB51E300849E88 /* Products */;
			projectDirPath = "";
			projectRoot = "";
			targets = (
				8433CAFF2BBB51E300849E88 /* TranslateMe */,
			);
		};
/* End PBXProject section */

/* Begin PBXResourcesBuildPhase section */
		8433CAFE2BBB51E300849E88 /* Resources */ = {
			isa = PBXResourcesBuildPhase;
			buildActionMask = 2147483647;
			files = (
				8433CB0B2BBB51E400849E88 /* Preview Assets.xcassets in Resources */,
				8433CB082BBB51E400849E88 /* Assets.xcassets in Resources */,
			);
			runOnlyForDeploymentPostprocessing = 0;
		};
/* End PBXResourcesBuildPhase section */

/* Begin PBXSourcesBuildPhase section */
		8433CAFC2BBB51E300849E88 /* Sources */ = {
			isa = PBXSourcesBuildPhase;
			buildActionMask = 2147483647;
			files = (
				8433CB122BBB53DE00849E88 /* SavedTranslationView.swift in Sources */,
				84CE15C52BC0BDF50044BFE5 /* MyMemoryResponse.swift in Sources */,
				84CE15C72BC125FD0044BFE5 /* TranslationManager.swift in Sources */,
				8433CB062BBB51E300849E88 /* ContentView.swift in Sources */,
				8433CB042BBB51E300849E88 /* TranslateMeApp.swift in Sources */,
			);
			runOnlyForDeploymentPostprocessing = 0;
		};
/* End PBXSourcesBuildPhase section */

/* Begin XCBuildConfiguration section */
		8433CB0C2BBB51E400849E88 /* Debug */ = {
			isa = XCBuildConfiguration;
			buildSettings = {
				ALWAYS_SEARCH_USER_PATHS = NO;
				ASSETCATALOG_COMPILER_GENERATE_SWIFT_ASSET_SYMBOL_EXTENSIONS = YES;
				CLANG_ANALYZER_NONNULL = YES;
				CLANG_ANALYZER_NUMBER_OBJECT_CONVERSION = YES_AGGRESSIVE;
				CLANG_CXX_LANGUAGE_STANDARD = "gnu++20";
				CLANG_ENABLE_MODULES = YES;
				CLANG_ENABLE_OBJC_ARC = YES;
				CLANG_ENABLE_OBJC_WEAK = YES;
				CLANG_WARN_BLOCK_CAPTURE_AUTORELEASING = YES;
				CLANG_WARN_BOOL_CONVERSION = YES;
				CLANG_WARN_COMMA = YES;
				CLANG_WARN_CONSTANT_CONVERSION = YES;
				CLANG_WARN_DEPRECATED_OBJC_IMPLEMENTATIONS = YES;
				CLANG_WARN_DIRECT_OBJC_ISA_USAGE = YES_ERROR;
				CLANG_WARN_DOCUMENTATION_COMMENTS = YES;
				CLANG_WARN_EMPTY_BODY = YES;
				CLANG_WARN_ENUM_CONVERSION = YES;
				CLANG_WARN_INFINITE_RECURSION = YES;
				CLANG_WARN_INT_CONVERSION = YES;
				CLANG_WARN_NON_LITERAL_NULL_CONVERSION = YES;
				CLANG_WARN_OBJC_IMPLICIT_RETAIN_SELF = YES;
				CLANG_WARN_OBJC_LITERAL_CONVERSION = YES;
				CLANG_WARN_OBJC_ROOT_CLASS = YES_ERROR;
				CLANG_WARN_QUOTED_INCLUDE_IN_FRAMEWORK_HEADER = YES;
				CLANG_WARN_RANGE_LOOP_ANALYSIS = YES;
				CLANG_WARN_STRICT_PROTOTYPES = YES;
				CLANG_WARN_SUSPICIOUS_MOVE = YES;
				CLANG_WARN_UNGUARDED_AVAILABILITY = YES_AGGRESSIVE;
				CLANG_WARN_UNREACHABLE_CODE = YES;
				CLANG_WARN__DUPLICATE_METHOD_MATCH = YES;
				COPY_PHASE_STRIP = NO;
				DEBUG_INFORMATION_FORMAT = dwarf;
				ENABLE_STRICT_OBJC_MSGSEND = YES;
				ENABLE_TESTABILITY = YES;
				ENABLE_USER_SCRIPT_SANDBOXING = YES;
				GCC_C_LANGUAGE_STANDARD = gnu17;
				GCC_DYNAMIC_NO_PIC = NO;
				GCC_NO_COMMON_BLOCKS = YES;
				GCC_OPTIMIZATION_LEVEL = 0;
				GCC_PREPROCESSOR_DEFINITIONS = (
					"DEBUG=1",
					"$(inherited)",
				);
				GCC_WARN_64_TO_32_BIT_CONVERSION = YES;
				GCC_WARN_ABOUT_RETURN_TYPE = YES_ERROR;
				GCC_WARN_UNDECLARED_SELECTOR = YES;
				GCC_WARN_UNINITIALIZED_AUTOS = YES_AGGRESSIVE;
				GCC_WARN_UNUSED_FUNCTION = YES;
				GCC_WARN_UNUSED_VARIABLE = YES;
				IPHONEOS_DEPLOYMENT_TARGET = 17.0;
				LOCALIZATION_PREFERS_STRING_CATALOGS = YES;
				MTL_ENABLE_DEBUG_INFO = INCLUDE_SOURCE;
				MTL_FAST_MATH = YES;
				ONLY_ACTIVE_ARCH = YES;
				SDKROOT = iphoneos;
				SWIFT_ACTIVE_COMPILATION_CONDITIONS = "DEBUG $(inherited)";
				SWIFT_OPTIMIZATION_LEVEL = "-Onone";
			};
			name = Debug;
		};
		8433CB0D2BBB51E400849E88 /* Release */ = {
			isa = XCBuildConfiguration;
			buildSettings = {
				ALWAYS_SEARCH_USER_PATHS = NO;
				ASSETCATALOG_COMPILER_GENERATE_SWIFT_ASSET_SYMBOL_EXTENSIONS = YES;
				CLANG_ANALYZER_NONNULL = YES;
				CLANG_ANALYZER_NUMBER_OBJECT_CONVERSION = YES_AGGRESSIVE;
				CLANG_CXX_LANGUAGE_STANDARD = "gnu++20";
				CLANG_ENABLE_MODULES = YES;
				CLANG_ENABLE_OBJC_ARC = YES;
				CLANG_ENABLE_OBJC_WEAK = YES;
				CLANG_WARN_BLOCK_CAPTURE_AUTORELEASING = YES;
				CLANG_WARN_BOOL_CONVERSION = YES;
				CLANG_WARN_COMMA = YES;
				CLANG_WARN_CONSTANT_CONVERSION = YES;
				CLANG_WARN_DEPRECATED_OBJC_IMPLEMENTATIONS = YES;
				CLANG_WARN_DIRECT_OBJC_ISA_USAGE = YES_ERROR;
				CLANG_WARN_DOCUMENTATION_COMMENTS = YES;
				CLANG_WARN_EMPTY_BODY = YES;
				CLANG_WARN_ENUM_CONVERSION = YES;
				CLANG_WARN_INFINITE_RECURSION = YES;
				CLANG_WARN_INT_CONVERSION = YES;
				CLANG_WARN_NON_LITERAL_NULL_CONVERSION = YES;
				CLANG_WARN_OBJC_IMPLICIT_RETAIN_SELF = YES;
				CLANG_WARN_OBJC_LITERAL_CONVERSION = YES;
				CLANG_WARN_OBJC_ROOT_CLASS = YES_ERROR;
				CLANG_WARN_QUOTED_INCLUDE_IN_FRAMEWORK_HEADER = YES;
				CLANG_WARN_RANGE_LOOP_ANALYSIS = YES;
				CLANG_WARN_STRICT_PROTOTYPES = YES;
				CLANG_WARN_SUSPICIOUS_MOVE = YES;
				CLANG_WARN_UNGUARDED_AVAILABILITY = YES_AGGRESSIVE;
				CLANG_WARN_UNREACHABLE_CODE = YES;
				CLANG_WARN__DUPLICATE_METHOD_MATCH = YES;
				COPY_PHASE_STRIP = NO;
				DEBUG_INFORMATION_FORMAT = "dwarf-with-dsym";
				ENABLE_NS_ASSERTIONS = NO;
				ENABLE_STRICT_OBJC_MSGSEND = YES;
				ENABLE_USER_SCRIPT_SANDBOXING = YES;
				GCC_C_LANGUAGE_STANDARD = gnu17;
				GCC_NO_COMMON_BLOCKS = YES;
				GCC_WARN_64_TO_32_BIT_CONVERSION = YES;
				GCC_WARN_ABOUT_RETURN_TYPE = YES_ERROR;
				GCC_WARN_UNDECLARED_SELECTOR = YES;
				GCC_WARN_UNINITIALIZED_AUTOS = YES_AGGRESSIVE;
				GCC_WARN_UNUSED_FUNCTION = YES;
				GCC_WARN_UNUSED_VARIABLE = YES;
				IPHONEOS_DEPLOYMENT_TARGET = 17.0;
				LOCALIZATION_PREFERS_STRING_CATALOGS = YES;
				MTL_ENABLE_DEBUG_INFO = NO;
				MTL_FAST_MATH = YES;
				SDKROOT = iphoneos;
				SWIFT_COMPILATION_MODE = wholemodule;
				VALIDATE_PRODUCT = YES;
			};
			name = Release;
		};
		8433CB0F2BBB51E400849E88 /* Debug */ = {
			isa = XCBuildConfiguration;
			buildSettings = {
				ASSETCATALOG_COMPILER_APPICON_NAME = AppIcon;
				ASSETCATALOG_COMPILER_GLOBAL_ACCENT_COLOR_NAME = AccentColor;
				CODE_SIGN_STYLE = Automatic;
				CURRENT_PROJECT_VERSION = 1;
				DEVELOPMENT_ASSET_PATHS = "\"TranslateMe/Preview Content\"";
				DEVELOPMENT_TEAM = S5CJ4QD39Q;
				ENABLE_PREVIEWS = YES;
				GENERATE_INFOPLIST_FILE = YES;
				INFOPLIST_KEY_UIApplicationSceneManifest_Generation = YES;
				INFOPLIST_KEY_UIApplicationSupportsIndirectInputEvents = YES;
				INFOPLIST_KEY_UILaunchScreen_Generation = YES;
				INFOPLIST_KEY_UISupportedInterfaceOrientations_iPad = "UIInterfaceOrientationPortrait UIInterfaceOrientationPortraitUpsideDown UIInterfaceOrientationLandscapeLeft UIInterfaceOrientationLandscapeRight";
				INFOPLIST_KEY_UISupportedInterfaceOrientations_iPhone = "UIInterfaceOrientationPortrait UIInterfaceOrientationLandscapeLeft UIInterfaceOrientationLandscapeRight";
				LD_RUNPATH_SEARCH_PATHS = (
					"$(inherited)",
					"@executable_path/Frameworks",
				);
				MARKETING_VERSION = 1.0;
				PRODUCT_BUNDLE_IDENTIFIER = Hevander27.TranslateMe;
				PRODUCT_NAME = "$(TARGET_NAME)";
				SWIFT_EMIT_LOC_STRINGS = YES;
				SWIFT_VERSION = 5.0;
				TARGETED_DEVICE_FAMILY = "1,2";
			};
			name = Debug;
		};
		8433CB102BBB51E400849E88 /* Release */ = {
			isa = XCBuildConfiguration;
			buildSettings = {
				ASSETCATALOG_COMPILER_APPICON_NAME = AppIcon;
				ASSETCATALOG_COMPILER_GLOBAL_ACCENT_COLOR_NAME = AccentColor;
				CODE_SIGN_STYLE = Automatic;
				CURRENT_PROJECT_VERSION = 1;
				DEVELOPMENT_ASSET_PATHS = "\"TranslateMe/Preview Content\"";
				DEVELOPMENT_TEAM = S5CJ4QD39Q;
				ENABLE_PREVIEWS = YES;
				GENERATE_INFOPLIST_FILE = YES;
				INFOPLIST_KEY_UIApplicationSceneManifest_Generation = YES;
				INFOPLIST_KEY_UIApplicationSupportsIndirectInputEvents = YES;
				INFOPLIST_KEY_UILaunchScreen_Generation = YES;
				INFOPLIST_KEY_UISupportedInterfaceOrientations_iPad = "UIInterfaceOrientationPortrait UIInterfaceOrientationPortraitUpsideDown UIInterfaceOrientationLandscapeLeft UIInterfaceOrientationLandscapeRight";
				INFOPLIST_KEY_UISupportedInterfaceOrientations_iPhone = "UIInterfaceOrientationPortrait UIInterfaceOrientationLandscapeLeft UIInterfaceOrientationLandscapeRight";
				LD_RUNPATH_SEARCH_PATHS = (
					"$(inherited)",
					"@executable_path/Frameworks",
				);
				MARKETING_VERSION = 1.0;
				PRODUCT_BUNDLE_IDENTIFIER = Hevander27.TranslateMe;
				PRODUCT_NAME = "$(TARGET_NAME)";
				SWIFT_EMIT_LOC_STRINGS = YES;
				SWIFT_VERSION = 5.0;
				TARGETED_DEVICE_FAMILY = "1,2";
			};
			name = Release;
		};
/* End XCBuildConfiguration section */

/* Begin XCConfigurationList section */
		8433CAFB2BBB51E300849E88 /* Build configuration list for PBXProject "TranslateMe" */ = {
			isa = XCConfigurationList;
			buildConfigurations = (
				8433CB0C2BBB51E400849E88 /* Debug */,
				8433CB0D2BBB51E400849E88 /* Release */,
			);
			defaultConfigurationIsVisible = 0;
			defaultConfigurationName = Release;
		};
		8433CB0E2BBB51E400849E88 /* Build configuration list for PBXNativeTarget "TranslateMe" */ = {
			isa = XCConfigurationList;
			buildConfigurations = (
				8433CB0F2BBB51E400849E88 /* Debug */,
				8433CB102BBB51E400849E88 /* Release */,
			);
			defaultConfigurationIsVisible = 0;
			defaultConfigurationName = Release;
		};
/* End XCConfigurationList section */
	};
	rootObject = 8433CAF82BBB51E300849E88 /* Project object */;
}
